
Microsoft Visual Studio Solution File, Format Version 12.00
# Visual Studio 15
VisualStudioVersion = 15.0.27130.2020
MinimumVisualStudioVersion = 10.0.40219.1
Project("{FAE04EC0-301F-11D3-BF4B-00C04F79EFBC}") = "WeliinkApplication.Android", "WeliinkApplication\WeliinkApplication.Android\WeliinkApplication.Android.csproj", "{7E262330-D472-4100-8177-94ECEF96DE2B}"
EndProject
Project("{FAE04EC0-301F-11D3-BF4B-00C04F79EFBC}") = "WeliinkApplication.iOS", "WeliinkApplication\WeliinkApplication.iOS\WeliinkApplication.iOS.csproj", "{72D47BC4-030F-4933-BB1A-81A9B063A159}"
EndProject
Project("{FAE04EC0-301F-11D3-BF4B-00C04F79EFBC}") = "WeliinkApplication", "WeliinkApplication\WeliinkApplication\WeliinkApplication.csproj", "{37649F76-3E48-41B3-8BB2-DE76CCFC87ED}"
EndProject
Global
	GlobalSection(SolutionConfigurationPlatforms) = preSolution
		Ad-Hoc|Any CPU = Ad-Hoc|Any CPU
		Ad-Hoc|iPhone = Ad-Hoc|iPhone
		Ad-Hoc|iPhoneSimulator = Ad-Hoc|iPhoneSimulator
		AppStore|Any CPU = AppStore|Any CPU
		AppStore|iPhone = AppStore|iPhone
		AppStore|iPhoneSimulator = AppStore|iPhoneSimulator
		Debug|Any CPU = Debug|Any CPU
		Debug|iPhone = Debug|iPhone
		Debug|iPhoneSimulator = Debug|iPhoneSimulator
		Release|Any CPU = Release|Any CPU
		Release|iPhone = Release|iPhone
		Release|iPhoneSimulator = Release|iPhoneSimulator
	EndGlobalSection
	GlobalSection(ProjectConfigurationPlatforms) = postSolution
		{7E262330-D472-4100-8177-94ECEF96DE2B}.Ad-Hoc|Any CPU.ActiveCfg = Release|Any CPU
		{7E262330-D472-4100-8177-94ECEF96DE2B}.Ad-Hoc|Any CPU.Build.0 = Release|Any CPU
		{7E262330-D472-4100-8177-94ECEF96DE2B}.Ad-Hoc|Any CPU.Deploy.0 = Release|Any CPU
		{7E262330-D472-4100-8177-94ECEF96DE2B}.Ad-Hoc|iPhone.ActiveCfg = Release|Any CPU
		{7E262330-D472-4100-8177-94ECEF96DE2B}.Ad-Hoc|iPhone.Build.0 = Release|Any CPU
		{7E262330-D472-4100-8177-94ECEF96DE2B}.Ad-Hoc|iPhone.Deploy.0 = Release|Any CPU
		{7E262330-D472-4100-8177-94ECEF96DE2B}.Ad-Hoc|iPhoneSimulator.ActiveCfg = Release|Any CPU
		{7E262330-D472-4100-8177-94ECEF96DE2B}.Ad-Hoc|iPhoneSimulator.Build.0 = Release|Any CPU
		{7E262330-D472-4100-8177-94ECEF96DE2B}.Ad-Hoc|iPhoneSimulator.Deploy.0 = Release|Any CPU
		{7E262330-D472-4100-8177-94ECEF96DE2B}.AppStore|Any CPU.ActiveCfg = Release|Any CPU
		{7E262330-D472-4100-8177-94ECEF96DE2B}.AppStore|Any CPU.Build.0 = Release|Any CPU
		{7E262330-D472-4100-8177-94ECEF96DE2B}.AppStore|Any CPU.Deploy.0 = Release|Any CPU
		{7E262330-D472-4100-8177-94ECEF96DE2B}.AppStore|iPhone.ActiveCfg = Release|Any CPU
		{7E262330-D472-4100-8177-94ECEF96DE2B}.AppStore|iPhone.Build.0 = Release|Any CPU
		{7E262330-D472-4100-8177-94ECEF96DE2B}.AppStore|iPhone.Deploy.0 = Release|Any CPU
		{7E262330-D472-4100-8177-94ECEF96DE2B}.AppStore|iPhoneSimulator.ActiveCfg = Release|Any CPU
		{7E262330-D472-4100-8177-94ECEF96DE2B}.AppStore|iPhoneSimulator.Build.0 = Release|Any CPU
		{7E262330-D472-4100-8177-94ECEF96DE2B}.AppStore|iPhoneSimulator.Deploy.0 = Release|Any CPU
		{7E262330-D472-4100-8177-94ECEF96DE2B}.Debug|Any CPU.ActiveCfg = Debug|Any CPU
		{7E262330-D472-4100-8177-94ECEF96DE2B}.Debug|Any CPU.Build.0 = Debug|Any CPU
		{7E262330-D472-4100-8177-94ECEF96DE2B}.Debug|Any CPU.Deploy.0 = Debug|Any CPU
		{7E262330-D472-4100-8177-94ECEF96DE2B}.Debug|iPhone.ActiveCfg = Debug|Any CPU
		{7E262330-D472-4100-8177-94ECEF96DE2B}.Debug|iPhone.Build.0 = Debug|Any CPU
		{7E262330-D472-4100-8177-94ECEF96DE2B}.Debug|iPhone.Deploy.0 = Debug|Any CPU
		{7E262330-D472-4100-8177-94ECEF96DE2B}.Debug|iPhoneSimulator.ActiveCfg = Debug|Any CPU
		{7E262330-D472-4100-8177-94ECEF96DE2B}.Debug|iPhoneSimulator.Build.0 = Debug|Any CPU
		{7E262330-D472-4100-8177-94ECEF96DE2B}.Debug|iPhoneSimulator.Deploy.0 = Debug|Any CPU
		{7E262330-D472-4100-8177-94ECEF96DE2B}.Release|Any CPU.ActiveCfg = Release|Any CPU
		{7E262330-D472-4100-8177-94ECEF96DE2B}.Release|Any CPU.Build.0 = Release|Any CPU
		{7E262330-D472-4100-8177-94ECEF96DE2B}.Release|Any CPU.Deploy.0 = Release|Any CPU
		{7E262330-D472-4100-8177-94ECEF96DE2B}.Release|iPhone.ActiveCfg = Release|Any CPU
		{7E262330-D472-4100-8177-94ECEF96DE2B}.Release|iPhone.Build.0 = Release|Any CPU
		{7E262330-D472-4100-8177-94ECEF96DE2B}.Release|iPhone.Deploy.0 = Release|Any CPU
		{7E262330-D472-4100-8177-94ECEF96DE2B}.Release|iPhoneSimulator.ActiveCfg = Release|Any CPU
		{7E262330-D472-4100-8177-94ECEF96DE2B}.Release|iPhoneSimulator.Build.0 = Release|Any CPU
		{7E262330-D472-4100-8177-94ECEF96DE2B}.Release|iPhoneSimulator.Deploy.0 = Release|Any CPU
		{72D47BC4-030F-4933-BB1A-81A9B063A159}.Ad-Hoc|Any CPU.ActiveCfg = Ad-Hoc|iPhone
		{72D47BC4-030F-4933-BB1A-81A9B063A159}.Ad-Hoc|iPhone.ActiveCfg = Ad-Hoc|iPhone
		{72D47BC4-030F-4933-BB1A-81A9B063A159}.Ad-Hoc|iPhone.Build.0 = Ad-Hoc|iPhone
		{72D47BC4-030F-4933-BB1A-81A9B063A159}.Ad-Hoc|iPhoneSimulator.ActiveCfg = Ad-Hoc|iPhoneSimulator
		{72D47BC4-030F-4933-BB1A-81A9B063A159}.Ad-Hoc|iPhoneSimulator.Build.0 = Ad-Hoc|iPhoneSimulator
		{72D47BC4-030F-4933-BB1A-81A9B063A159}.AppStore|Any CPU.ActiveCfg = AppStore|iPhone
		{72D47BC4-030F-4933-BB1A-81A9B063A159}.AppStore|iPhone.ActiveCfg = AppStore|iPhone
		{72D47BC4-030F-4933-BB1A-81A9B063A159}.AppStore|iPhone.Build.0 = AppStore|iPhone
		{72D47BC4-030F-4933-BB1A-81A9B063A159}.AppStore|iPhoneSimulator.ActiveCfg = AppStore|iPhoneSimulator
		{72D47BC4-030F-4933-BB1A-81A9B063A159}.AppStore|iPhoneSimulator.Build.0 = AppStore|iPhoneSimulator
		{72D47BC4-030F-4933-BB1A-81A9B063A159}.Debug|Any CPU.ActiveCfg = Debug|iPhone
		{72D47BC4-030F-4933-BB1A-81A9B063A159}.Debug|iPhone.ActiveCfg = Debug|iPhone
		{72D47BC4-030F-4933-BB1A-81A9B063A159}.Debug|iPhone.Build.0 = Debug|iPhone
		{72D47BC4-030F-4933-BB1A-81A9B063A159}.Debug|iPhoneSimulator.ActiveCfg = Debug|iPhoneSimulator
		{72D47BC4-030F-4933-BB1A-81A9B063A159}.Debug|iPhoneSimulator.Build.0 = Debug|iPhoneSimulator
		{72D47BC4-030F-4933-BB1A-81A9B063A159}.Release|Any CPU.ActiveCfg = Release|iPhone
		{72D47BC4-030F-4933-BB1A-81A9B063A159}.Release|iPhone.ActiveCfg = Release|iPhone
		{72D47BC4-030F-4933-BB1A-81A9B063A159}.Release|iPhone.Build.0 = Release|iPhone
		{72D47BC4-030F-4933-BB1A-81A9B063A159}.Release|iPhoneSimulator.ActiveCfg = Release|iPhoneSimulator
		{72D47BC4-030F-4933-BB1A-81A9B063A159}.Release|iPhoneSimulator.Build.0 = Release|iPhoneSimulator
		{37649F76-3E48-41B3-8BB2-DE76CCFC87ED}.Ad-Hoc|Any CPU.ActiveCfg = Debug|Any CPU
		{37649F76-3E48-41B3-8BB2-DE76CCFC87ED}.Ad-Hoc|Any CPU.Build.0 = Debug|Any CPU
		{37649F76-3E48-41B3-8BB2-DE76CCFC87ED}.Ad-Hoc|iPhone.ActiveCfg = Debug|Any CPU
		{37649F76-3E48-41B3-8BB2-DE76CCFC87ED}.Ad-Hoc|iPhone.Build.0 = Debug|Any CPU
		{37649F76-3E48-41B3-8BB2-DE76CCFC87ED}.Ad-Hoc|iPhoneSimulator.ActiveCfg = Debug|Any CPU
		{37649F76-3E48-41B3-8BB2-DE76CCFC87ED}.Ad-Hoc|iPhoneSimulator.Build.0 = Debug|Any CPU
		{37649F76-3E48-41B3-8BB2-DE76CCFC87ED}.AppStore|Any CPU.ActiveCfg = Debug|Any CPU
		{37649F76-3E48-41B3-8BB2-DE76CCFC87ED}.AppStore|Any CPU.Build.0 = Debug|Any CPU
		{37649F76-3E48-41B3-8BB2-DE76CCFC87ED}.AppStore|iPhone.ActiveCfg = Debug|Any CPU
		{37649F76-3E48-41B3-8BB2-DE76CCFC87ED}.AppStore|iPhone.Build.0 = Debug|Any CPU
		{37649F76-3E48-41B3-8BB2-DE76CCFC87ED}.AppStore|iPhoneSimulator.ActiveCfg = Debug|Any CPU
		{37649F76-3E48-41B3-8BB2-DE76CCFC87ED}.AppStore|iPhoneSimulator.Build.0 = Debug|Any CPU
		{37649F76-3E48-41B3-8BB2-DE76CCFC87ED}.Debug|Any CPU.ActiveCfg = Debug|Any CPU
		{37649F76-3E48-41B3-8BB2-DE76CCFC87ED}.Debug|Any CPU.Build.0 = Debug|Any CPU
		{37649F76-3E48-41B3-8BB2-DE76CCFC87ED}.Debug|iPhone.ActiveCfg = Debug|Any CPU
		{37649F76-3E48-41B3-8BB2-DE76CCFC87ED}.Debug|iPhone.Build.0 = Debug|Any CPU
		{37649F76-3E48-41B3-8BB2-DE76CCFC87ED}.Debug|iPhoneSimulator.ActiveCfg = Debug|Any CPU
		{37649F76-3E48-41B3-8BB2-DE76CCFC87ED}.Debug|iPhoneSimulator.Build.0 = Debug|Any CPU
		{37649F76-3E48-41B3-8BB2-DE76CCFC87ED}.Release|Any CPU.ActiveCfg = Release|Any CPU
		{37649F76-3E48-41B3-8BB2-DE76CCFC87ED}.Release|Any CPU.Build.0 = Release|Any CPU
		{37649F76-3E48-41B3-8BB2-DE76CCFC87ED}.Release|iPhone.ActiveCfg = Release|Any CPU
		{37649F76-3E48-41B3-8BB2-DE76CCFC87ED}.Release|iPhone.Build.0 = Release|Any CPU
		{37649F76-3E48-41B3-8BB2-DE76CCFC87ED}.Release|iPhoneSimulator.ActiveCfg = Release|Any CPU
		{37649F76-3E48-41B3-8BB2-DE76CCFC87ED}.Release|iPhoneSimulator.Build.0 = Release|Any CPU
	EndGlobalSection
	GlobalSection(SolutionProperties) = preSolution
		HideSolutionNode = FALSE
	EndGlobalSection
	GlobalSection(ExtensibilityGlobals) = postSolution
		SolutionGuid = {855BE442-51E8-4E60-AEF6-D1D1C9BF7656}
	EndGlobalSection
EndGlobal
